
Microsoft Visual Studio Solution File, Format Version 12.00
# Visual Studio 14
VisualStudioVersion = 14.0.25420.1
MinimumVisualStudioVersion = 10.0.40219.1
Project("{FAE04EC0-301F-11D3-BF4B-00C04F79EFBC}") = "Capacitacion.Droid", "Capacitacion\Capacitacion.Droid\Capacitacion.Droid.csproj", "{DADCF5D0-5092-4750-9B7D-296AD7ED1E64}"
EndProject
Project("{FAE04EC0-301F-11D3-BF4B-00C04F79EFBC}") = "Capacitacion.iOS", "Capacitacion\Capacitacion.iOS\Capacitacion.iOS.csproj", "{E52D848D-1459-4DFE-A818-6898AFDC9A20}"
EndProject
Project("{FAE04EC0-301F-11D3-BF4B-00C04F79EFBC}") = "Capacitacion.WinPhone", "Capacitacion\Capacitacion.WinPhone\Capacitacion.WinPhone.csproj", "{43B4C96C-7BA9-4625-9D8F-96106A129E8B}"
EndProject
Project("{FAE04EC0-301F-11D3-BF4B-00C04F79EFBC}") = "Capacitacion.UWP", "Capacitacion\Capacitacion.UWP\Capacitacion.UWP.csproj", "{F1EA3013-BCC9-43ED-A1FE-06D3E0EDB702}"
EndProject
Project("{FAE04EC0-301F-11D3-BF4B-00C04F79EFBC}") = "Capacitacion.Windows", "Capacitacion\Capacitacion.Windows\Capacitacion.Windows.csproj", "{32BD85D2-5E51-4D8F-B2E1-02F30EAE8E11}"
EndProject
Project("{FAE04EC0-301F-11D3-BF4B-00C04F79EFBC}") = "Capacitacion", "Capacitacion\Capacitacion\Capacitacion.csproj", "{042AC378-D45C-4009-8384-970E0DAA7F0A}"
EndProject
Global
	GlobalSection(SolutionConfigurationPlatforms) = preSolution
		Ad-Hoc|Any CPU = Ad-Hoc|Any CPU
		Ad-Hoc|ARM = Ad-Hoc|ARM
		Ad-Hoc|iPhone = Ad-Hoc|iPhone
		Ad-Hoc|iPhoneSimulator = Ad-Hoc|iPhoneSimulator
		Ad-Hoc|x64 = Ad-Hoc|x64
		Ad-Hoc|x86 = Ad-Hoc|x86
		AppStore|Any CPU = AppStore|Any CPU
		AppStore|ARM = AppStore|ARM
		AppStore|iPhone = AppStore|iPhone
		AppStore|iPhoneSimulator = AppStore|iPhoneSimulator
		AppStore|x64 = AppStore|x64
		AppStore|x86 = AppStore|x86
		Debug|Any CPU = Debug|Any CPU
		Debug|ARM = Debug|ARM
		Debug|iPhone = Debug|iPhone
		Debug|iPhoneSimulator = Debug|iPhoneSimulator
		Debug|x64 = Debug|x64
		Debug|x86 = Debug|x86
		Release|Any CPU = Release|Any CPU
		Release|ARM = Release|ARM
		Release|iPhone = Release|iPhone
		Release|iPhoneSimulator = Release|iPhoneSimulator
		Release|x64 = Release|x64
		Release|x86 = Release|x86
	EndGlobalSection
	GlobalSection(ProjectConfigurationPlatforms) = postSolution
		{DADCF5D0-5092-4750-9B7D-296AD7ED1E64}.Ad-Hoc|Any CPU.ActiveCfg = Release|Any CPU
		{DADCF5D0-5092-4750-9B7D-296AD7ED1E64}.Ad-Hoc|Any CPU.Build.0 = Release|Any CPU
		{DADCF5D0-5092-4750-9B7D-296AD7ED1E64}.Ad-Hoc|Any CPU.Deploy.0 = Release|Any CPU
		{DADCF5D0-5092-4750-9B7D-296AD7ED1E64}.Ad-Hoc|ARM.ActiveCfg = Release|Any CPU
		{DADCF5D0-5092-4750-9B7D-296AD7ED1E64}.Ad-Hoc|ARM.Build.0 = Release|Any CPU
		{DADCF5D0-5092-4750-9B7D-296AD7ED1E64}.Ad-Hoc|ARM.Deploy.0 = Release|Any CPU
		{DADCF5D0-5092-4750-9B7D-296AD7ED1E64}.Ad-Hoc|iPhone.ActiveCfg = Release|Any CPU
		{DADCF5D0-5092-4750-9B7D-296AD7ED1E64}.Ad-Hoc|iPhone.Build.0 = Release|Any CPU
		{DADCF5D0-5092-4750-9B7D-296AD7ED1E64}.Ad-Hoc|iPhone.Deploy.0 = Release|Any CPU
		{DADCF5D0-5092-4750-9B7D-296AD7ED1E64}.Ad-Hoc|iPhoneSimulator.ActiveCfg = Release|Any CPU
		{DADCF5D0-5092-4750-9B7D-296AD7ED1E64}.Ad-Hoc|iPhoneSimulator.Build.0 = Release|Any CPU
		{DADCF5D0-5092-4750-9B7D-296AD7ED1E64}.Ad-Hoc|iPhoneSimulator.Deploy.0 = Release|Any CPU
		{DADCF5D0-5092-4750-9B7D-296AD7ED1E64}.Ad-Hoc|x64.ActiveCfg = Release|Any CPU
		{DADCF5D0-5092-4750-9B7D-296AD7ED1E64}.Ad-Hoc|x64.Build.0 = Release|Any CPU
		{DADCF5D0-5092-4750-9B7D-296AD7ED1E64}.Ad-Hoc|x64.Deploy.0 = Release|Any CPU
		{DADCF5D0-5092-4750-9B7D-296AD7ED1E64}.Ad-Hoc|x86.ActiveCfg = Release|Any CPU
		{DADCF5D0-5092-4750-9B7D-296AD7ED1E64}.Ad-Hoc|x86.Build.0 = Release|Any CPU
		{DADCF5D0-5092-4750-9B7D-296AD7ED1E64}.Ad-Hoc|x86.Deploy.0 = Release|Any CPU
		{DADCF5D0-5092-4750-9B7D-296AD7ED1E64}.AppStore|Any CPU.ActiveCfg = Release|Any CPU
		{DADCF5D0-5092-4750-9B7D-296AD7ED1E64}.AppStore|Any CPU.Build.0 = Release|Any CPU
		{DADCF5D0-5092-4750-9B7D-296AD7ED1E64}.AppStore|Any CPU.Deploy.0 = Release|Any CPU
		{DADCF5D0-5092-4750-9B7D-296AD7ED1E64}.AppStore|ARM.ActiveCfg = Release|Any CPU
		{DADCF5D0-5092-4750-9B7D-296AD7ED1E64}.AppStore|ARM.Build.0 = Release|Any CPU
		{DADCF5D0-5092-4750-9B7D-296AD7ED1E64}.AppStore|ARM.Deploy.0 = Release|Any CPU
		{DADCF5D0-5092-4750-9B7D-296AD7ED1E64}.AppStore|iPhone.ActiveCfg = Release|Any CPU
		{DADCF5D0-5092-4750-9B7D-296AD7ED1E64}.AppStore|iPhone.Build.0 = Release|Any CPU
		{DADCF5D0-5092-4750-9B7D-296AD7ED1E64}.AppStore|iPhone.Deploy.0 = Release|Any CPU
		{DADCF5D0-5092-4750-9B7D-296AD7ED1E64}.AppStore|iPhoneSimulator.ActiveCfg = Release|Any CPU
		{DADCF5D0-5092-4750-9B7D-296AD7ED1E64}.AppStore|iPhoneSimulator.Build.0 = Release|Any CPU
		{DADCF5D0-5092-4750-9B7D-296AD7ED1E64}.AppStore|iPhoneSimulator.Deploy.0 = Release|Any CPU
		{DADCF5D0-5092-4750-9B7D-296AD7ED1E64}.AppStore|x64.ActiveCfg = Release|Any CPU
		{DADCF5D0-5092-4750-9B7D-296AD7ED1E64}.AppStore|x64.Build.0 = Release|Any CPU
		{DADCF5D0-5092-4750-9B7D-296AD7ED1E64}.AppStore|x64.Deploy.0 = Release|Any CPU
		{DADCF5D0-5092-4750-9B7D-296AD7ED1E64}.AppStore|x86.ActiveCfg = Release|Any CPU
		{DADCF5D0-5092-4750-9B7D-296AD7ED1E64}.AppStore|x86.Build.0 = Release|Any CPU
		{DADCF5D0-5092-4750-9B7D-296AD7ED1E64}.AppStore|x86.Deploy.0 = Release|Any CPU
		{DADCF5D0-5092-4750-9B7D-296AD7ED1E64}.Debug|Any CPU.ActiveCfg = Debug|Any CPU
		{DADCF5D0-5092-4750-9B7D-296AD7ED1E64}.Debug|Any CPU.Build.0 = Debug|Any CPU
		{DADCF5D0-5092-4750-9B7D-296AD7ED1E64}.Debug|Any CPU.Deploy.0 = Debug|Any CPU
		{DADCF5D0-5092-4750-9B7D-296AD7ED1E64}.Debug|ARM.ActiveCfg = Debug|Any CPU
		{DADCF5D0-5092-4750-9B7D-296AD7ED1E64}.Debug|ARM.Build.0 = Debug|Any CPU
		{DADCF5D0-5092-4750-9B7D-296AD7ED1E64}.Debug|ARM.Deploy.0 = Debug|Any CPU
		{DADCF5D0-5092-4750-9B7D-296AD7ED1E64}.Debug|iPhone.ActiveCfg = Debug|Any CPU
		{DADCF5D0-5092-4750-9B7D-296AD7ED1E64}.Debug|iPhone.Build.0 = Debug|Any CPU
		{DADCF5D0-5092-4750-9B7D-296AD7ED1E64}.Debug|iPhone.Deploy.0 = Debug|Any CPU
		{DADCF5D0-5092-4750-9B7D-296AD7ED1E64}.Debug|iPhoneSimulator.ActiveCfg = Debug|Any CPU
		{DADCF5D0-5092-4750-9B7D-296AD7ED1E64}.Debug|iPhoneSimulator.Build.0 = Debug|Any CPU
		{DADCF5D0-5092-4750-9B7D-296AD7ED1E64}.Debug|iPhoneSimulator.Deploy.0 = Debug|Any CPU
		{DADCF5D0-5092-4750-9B7D-296AD7ED1E64}.Debug|x64.ActiveCfg = Debug|Any CPU
		{DADCF5D0-5092-4750-9B7D-296AD7ED1E64}.Debug|x64.Build.0 = Debug|Any CPU
		{DADCF5D0-5092-4750-9B7D-296AD7ED1E64}.Debug|x64.Deploy.0 = Debug|Any CPU
		{DADCF5D0-5092-4750-9B7D-296AD7ED1E64}.Debug|x86.ActiveCfg = Debug|Any CPU
		{DADCF5D0-5092-4750-9B7D-296AD7ED1E64}.Debug|x86.Build.0 = Debug|Any CPU
		{DADCF5D0-5092-4750-9B7D-296AD7ED1E64}.Debug|x86.Deploy.0 = Debug|Any CPU
		{DADCF5D0-5092-4750-9B7D-296AD7ED1E64}.Release|Any CPU.ActiveCfg = Release|Any CPU
		{DADCF5D0-5092-4750-9B7D-296AD7ED1E64}.Release|Any CPU.Build.0 = Release|Any CPU
		{DADCF5D0-5092-4750-9B7D-296AD7ED1E64}.Release|Any CPU.Deploy.0 = Release|Any CPU
		{DADCF5D0-5092-4750-9B7D-296AD7ED1E64}.Release|ARM.ActiveCfg = Release|Any CPU
		{DADCF5D0-5092-4750-9B7D-296AD7ED1E64}.Release|ARM.Build.0 = Release|Any CPU
		{DADCF5D0-5092-4750-9B7D-296AD7ED1E64}.Release|ARM.Deploy.0 = Release|Any CPU
		{DADCF5D0-5092-4750-9B7D-296AD7ED1E64}.Release|iPhone.ActiveCfg = Release|Any CPU
		{DADCF5D0-5092-4750-9B7D-296AD7ED1E64}.Release|iPhone.Build.0 = Release|Any CPU
		{DADCF5D0-5092-4750-9B7D-296AD7ED1E64}.Release|iPhone.Deploy.0 = Release|Any CPU
		{DADCF5D0-5092-4750-9B7D-296AD7ED1E64}.Release|iPhoneSimulator.ActiveCfg = Release|Any CPU
		{DADCF5D0-5092-4750-9B7D-296AD7ED1E64}.Release|iPhoneSimulator.Build.0 = Release|Any CPU
		{DADCF5D0-5092-4750-9B7D-296AD7ED1E64}.Release|iPhoneSimulator.Deploy.0 = Release|Any CPU
		{DADCF5D0-5092-4750-9B7D-296AD7ED1E64}.Release|x64.ActiveCfg = Release|Any CPU
		{DADCF5D0-5092-4750-9B7D-296AD7ED1E64}.Release|x64.Build.0 = Release|Any CPU
		{DADCF5D0-5092-4750-9B7D-296AD7ED1E64}.Release|x64.Deploy.0 = Release|Any CPU
		{DADCF5D0-5092-4750-9B7D-296AD7ED1E64}.Release|x86.ActiveCfg = Release|Any CPU
		{DADCF5D0-5092-4750-9B7D-296AD7ED1E64}.Release|x86.Build.0 = Release|Any CPU
		{DADCF5D0-5092-4750-9B7D-296AD7ED1E64}.Release|x86.Deploy.0 = Release|Any CPU
		{E52D848D-1459-4DFE-A818-6898AFDC9A20}.Ad-Hoc|Any CPU.ActiveCfg = Ad-Hoc|iPhone
		{E52D848D-1459-4DFE-A818-6898AFDC9A20}.Ad-Hoc|ARM.ActiveCfg = Ad-Hoc|iPhone
		{E52D848D-1459-4DFE-A818-6898AFDC9A20}.Ad-Hoc|iPhone.ActiveCfg = Ad-Hoc|iPhone
		{E52D848D-1459-4DFE-A818-6898AFDC9A20}.Ad-Hoc|iPhone.Build.0 = Ad-Hoc|iPhone
		{E52D848D-1459-4DFE-A818-6898AFDC9A20}.Ad-Hoc|iPhoneSimulator.ActiveCfg = Ad-Hoc|iPhoneSimulator
		{E52D848D-1459-4DFE-A818-6898AFDC9A20}.Ad-Hoc|iPhoneSimulator.Build.0 = Ad-Hoc|iPhoneSimulator
		{E52D848D-1459-4DFE-A818-6898AFDC9A20}.Ad-Hoc|x64.ActiveCfg = Ad-Hoc|iPhone
		{E52D848D-1459-4DFE-A818-6898AFDC9A20}.Ad-Hoc|x86.ActiveCfg = Ad-Hoc|iPhone
		{E52D848D-1459-4DFE-A818-6898AFDC9A20}.AppStore|Any CPU.ActiveCfg = AppStore|iPhone
		{E52D848D-1459-4DFE-A818-6898AFDC9A20}.AppStore|ARM.ActiveCfg = AppStore|iPhone
		{E52D848D-1459-4DFE-A818-6898AFDC9A20}.AppStore|iPhone.ActiveCfg = AppStore|iPhone
		{E52D848D-1459-4DFE-A818-6898AFDC9A20}.AppStore|iPhone.Build.0 = AppStore|iPhone
		{E52D848D-1459-4DFE-A818-6898AFDC9A20}.AppStore|iPhoneSimulator.ActiveCfg = AppStore|iPhoneSimulator
		{E52D848D-1459-4DFE-A818-6898AFDC9A20}.AppStore|iPhoneSimulator.Build.0 = AppStore|iPhoneSimulator
		{E52D848D-1459-4DFE-A818-6898AFDC9A20}.AppStore|x64.ActiveCfg = AppStore|iPhone
		{E52D848D-1459-4DFE-A818-6898AFDC9A20}.AppStore|x86.ActiveCfg = AppStore|iPhone
		{E52D848D-1459-4DFE-A818-6898AFDC9A20}.Debug|Any CPU.ActiveCfg = Debug|iPhone
		{E52D848D-1459-4DFE-A818-6898AFDC9A20}.Debug|ARM.ActiveCfg = Debug|iPhone
		{E52D848D-1459-4DFE-A818-6898AFDC9A20}.Debug|iPhone.ActiveCfg = Debug|iPhone
		{E52D848D-1459-4DFE-A818-6898AFDC9A20}.Debug|iPhone.Build.0 = Debug|iPhone
		{E52D848D-1459-4DFE-A818-6898AFDC9A20}.Debug|iPhoneSimulator.ActiveCfg = Debug|iPhoneSimulator
		{E52D848D-1459-4DFE-A818-6898AFDC9A20}.Debug|iPhoneSimulator.Build.0 = Debug|iPhoneSimulator
		{E52D848D-1459-4DFE-A818-6898AFDC9A20}.Debug|x64.ActiveCfg = Debug|iPhone
		{E52D848D-1459-4DFE-A818-6898AFDC9A20}.Debug|x86.ActiveCfg = Debug|iPhone
		{E52D848D-1459-4DFE-A818-6898AFDC9A20}.Release|Any CPU.ActiveCfg = Release|iPhone
		{E52D848D-1459-4DFE-A818-6898AFDC9A20}.Release|ARM.ActiveCfg = Release|iPhone
		{E52D848D-1459-4DFE-A818-6898AFDC9A20}.Release|iPhone.ActiveCfg = Release|iPhone
		{E52D848D-1459-4DFE-A818-6898AFDC9A20}.Release|iPhone.Build.0 = Release|iPhone
		{E52D848D-1459-4DFE-A818-6898AFDC9A20}.Release|iPhoneSimulator.ActiveCfg = Release|iPhoneSimulator
		{E52D848D-1459-4DFE-A818-6898AFDC9A20}.Release|iPhoneSimulator.Build.0 = Release|iPhoneSimulator
		{E52D848D-1459-4DFE-A818-6898AFDC9A20}.Release|x64.ActiveCfg = Release|iPhone
		{E52D848D-1459-4DFE-A818-6898AFDC9A20}.Release|x86.ActiveCfg = Release|iPhone
		{43B4C96C-7BA9-4625-9D8F-96106A129E8B}.Ad-Hoc|Any CPU.ActiveCfg = Release|Any CPU
		{43B4C96C-7BA9-4625-9D8F-96106A129E8B}.Ad-Hoc|Any CPU.Build.0 = Release|Any CPU
		{43B4C96C-7BA9-4625-9D8F-96106A129E8B}.Ad-Hoc|Any CPU.Deploy.0 = Release|Any CPU
		{43B4C96C-7BA9-4625-9D8F-96106A129E8B}.Ad-Hoc|ARM.ActiveCfg = Release|ARM
		{43B4C96C-7BA9-4625-9D8F-96106A129E8B}.Ad-Hoc|ARM.Build.0 = Release|ARM
		{43B4C96C-7BA9-4625-9D8F-96106A129E8B}.Ad-Hoc|ARM.Deploy.0 = Release|ARM
		{43B4C96C-7BA9-4625-9D8F-96106A129E8B}.Ad-Hoc|iPhone.ActiveCfg = Release|Any CPU
		{43B4C96C-7BA9-4625-9D8F-96106A129E8B}.Ad-Hoc|iPhone.Build.0 = Release|Any CPU
		{43B4C96C-7BA9-4625-9D8F-96106A129E8B}.Ad-Hoc|iPhone.Deploy.0 = Release|Any CPU
		{43B4C96C-7BA9-4625-9D8F-96106A129E8B}.Ad-Hoc|iPhoneSimulator.ActiveCfg = Release|Any CPU
		{43B4C96C-7BA9-4625-9D8F-96106A129E8B}.Ad-Hoc|iPhoneSimulator.Build.0 = Release|Any CPU
		{43B4C96C-7BA9-4625-9D8F-96106A129E8B}.Ad-Hoc|iPhoneSimulator.Deploy.0 = Release|Any CPU
		{43B4C96C-7BA9-4625-9D8F-96106A129E8B}.Ad-Hoc|x64.ActiveCfg = Release|Any CPU
		{43B4C96C-7BA9-4625-9D8F-96106A129E8B}.Ad-Hoc|x64.Build.0 = Release|Any CPU
		{43B4C96C-7BA9-4625-9D8F-96106A129E8B}.Ad-Hoc|x64.Deploy.0 = Release|Any CPU
		{43B4C96C-7BA9-4625-9D8F-96106A129E8B}.Ad-Hoc|x86.ActiveCfg = Release|x86
		{43B4C96C-7BA9-4625-9D8F-96106A129E8B}.Ad-Hoc|x86.Build.0 = Release|x86
		{43B4C96C-7BA9-4625-9D8F-96106A129E8B}.Ad-Hoc|x86.Deploy.0 = Release|x86
		{43B4C96C-7BA9-4625-9D8F-96106A129E8B}.AppStore|Any CPU.ActiveCfg = Release|Any CPU
		{43B4C96C-7BA9-4625-9D8F-96106A129E8B}.AppStore|Any CPU.Build.0 = Release|Any CPU
		{43B4C96C-7BA9-4625-9D8F-96106A129E8B}.AppStore|Any CPU.Deploy.0 = Release|Any CPU
		{43B4C96C-7BA9-4625-9D8F-96106A129E8B}.AppStore|ARM.ActiveCfg = Release|ARM
		{43B4C96C-7BA9-4625-9D8F-96106A129E8B}.AppStore|ARM.Build.0 = Release|ARM
		{43B4C96C-7BA9-4625-9D8F-96106A129E8B}.AppStore|ARM.Deploy.0 = Release|ARM
		{43B4C96C-7BA9-4625-9D8F-96106A129E8B}.AppStore|iPhone.ActiveCfg = Release|Any CPU
		{43B4C96C-7BA9-4625-9D8F-96106A129E8B}.AppStore|iPhone.Build.0 = Release|Any CPU
		{43B4C96C-7BA9-4625-9D8F-96106A129E8B}.AppStore|iPhone.Deploy.0 = Release|Any CPU
		{43B4C96C-7BA9-4625-9D8F-96106A129E8B}.AppStore|iPhoneSimulator.ActiveCfg = Release|Any CPU
		{43B4C96C-7BA9-4625-9D8F-96106A129E8B}.AppStore|iPhoneSimulator.Build.0 = Release|Any CPU
		{43B4C96C-7BA9-4625-9D8F-96106A129E8B}.AppStore|iPhoneSimulator.Deploy.0 = Release|Any CPU
		{43B4C96C-7BA9-4625-9D8F-96106A129E8B}.AppStore|x64.ActiveCfg = Release|Any CPU
		{43B4C96C-7BA9-4625-9D8F-96106A129E8B}.AppStore|x64.Build.0 = Release|Any CPU
		{43B4C96C-7BA9-4625-9D8F-96106A129E8B}.AppStore|x64.Deploy.0 = Release|Any CPU
		{43B4C96C-7BA9-4625-9D8F-96106A129E8B}.AppStore|x86.ActiveCfg = Release|x86
		{43B4C96C-7BA9-4625-9D8F-96106A129E8B}.AppStore|x86.Build.0 = Release|x86
		{43B4C96C-7BA9-4625-9D8F-96106A129E8B}.AppStore|x86.Deploy.0 = Release|x86
		{43B4C96C-7BA9-4625-9D8F-96106A129E8B}.Debug|Any CPU.ActiveCfg = Debug|Any CPU
		{43B4C96C-7BA9-4625-9D8F-96106A129E8B}.Debug|Any CPU.Build.0 = Debug|Any CPU
		{43B4C96C-7BA9-4625-9D8F-96106A129E8B}.Debug|Any CPU.Deploy.0 = Debug|Any CPU
		{43B4C96C-7BA9-4625-9D8F-96106A129E8B}.Debug|ARM.ActiveCfg = Debug|ARM
		{43B4C96C-7BA9-4625-9D8F-96106A129E8B}.Debug|ARM.Build.0 = Debug|ARM
		{43B4C96C-7BA9-4625-9D8F-96106A129E8B}.Debug|ARM.Deploy.0 = Debug|ARM
		{43B4C96C-7BA9-4625-9D8F-96106A129E8B}.Debug|iPhone.ActiveCfg = Debug|Any CPU
		{43B4C96C-7BA9-4625-9D8F-96106A129E8B}.Debug|iPhone.Build.0 = Debug|Any CPU
		{43B4C96C-7BA9-4625-9D8F-96106A129E8B}.Debug|iPhone.Deploy.0 = Debug|Any CPU
		{43B4C96C-7BA9-4625-9D8F-96106A129E8B}.Debug|iPhoneSimulator.ActiveCfg = Debug|Any CPU
		{43B4C96C-7BA9-4625-9D8F-96106A129E8B}.Debug|iPhoneSimulator.Build.0 = Debug|Any CPU
		{43B4C96C-7BA9-4625-9D8F-96106A129E8B}.Debug|iPhoneSimulator.Deploy.0 = Debug|Any CPU
		{43B4C96C-7BA9-4625-9D8F-96106A129E8B}.Debug|x64.ActiveCfg = Debug|Any CPU
		{43B4C96C-7BA9-4625-9D8F-96106A129E8B}.Debug|x64.Build.0 = Debug|Any CPU
		{43B4C96C-7BA9-4625-9D8F-96106A129E8B}.Debug|x64.Deploy.0 = Debug|Any CPU
		{43B4C96C-7BA9-4625-9D8F-96106A129E8B}.Debug|x86.ActiveCfg = Debug|x86
		{43B4C96C-7BA9-4625-9D8F-96106A129E8B}.Debug|x86.Build.0 = Debug|x86
		{43B4C96C-7BA9-4625-9D8F-96106A129E8B}.Debug|x86.Deploy.0 = Debug|x86
		{43B4C96C-7BA9-4625-9D8F-96106A129E8B}.Release|Any CPU.ActiveCfg = Release|Any CPU
		{43B4C96C-7BA9-4625-9D8F-96106A129E8B}.Release|Any CPU.Build.0 = Release|Any CPU
		{43B4C96C-7BA9-4625-9D8F-96106A129E8B}.Release|Any CPU.Deploy.0 = Release|Any CPU
		{43B4C96C-7BA9-4625-9D8F-96106A129E8B}.Release|ARM.ActiveCfg = Release|ARM
		{43B4C96C-7BA9-4625-9D8F-96106A129E8B}.Release|ARM.Build.0 = Release|ARM
		{43B4C96C-7BA9-4625-9D8F-96106A129E8B}.Release|ARM.Deploy.0 = Release|ARM
		{43B4C96C-7BA9-4625-9D8F-96106A129E8B}.Release|iPhone.ActiveCfg = Release|Any CPU
		{43B4C96C-7BA9-4625-9D8F-96106A129E8B}.Release|iPhone.Build.0 = Release|Any CPU
		{43B4C96C-7BA9-4625-9D8F-96106A129E8B}.Release|iPhone.Deploy.0 = Release|Any CPU
		{43B4C96C-7BA9-4625-9D8F-96106A129E8B}.Release|iPhoneSimulator.ActiveCfg = Release|Any CPU
		{43B4C96C-7BA9-4625-9D8F-96106A129E8B}.Release|iPhoneSimulator.Build.0 = Release|Any CPU
		{43B4C96C-7BA9-4625-9D8F-96106A129E8B}.Release|iPhoneSimulator.Deploy.0 = Release|Any CPU
		{43B4C96C-7BA9-4625-9D8F-96106A129E8B}.Release|x64.ActiveCfg = Release|Any CPU
		{43B4C96C-7BA9-4625-9D8F-96106A129E8B}.Release|x64.Build.0 = Release|Any CPU
		{43B4C96C-7BA9-4625-9D8F-96106A129E8B}.Release|x64.Deploy.0 = Release|Any CPU
		{43B4C96C-7BA9-4625-9D8F-96106A129E8B}.Release|x86.ActiveCfg = Release|x86
		{43B4C96C-7BA9-4625-9D8F-96106A129E8B}.Release|x86.Build.0 = Release|x86
		{43B4C96C-7BA9-4625-9D8F-96106A129E8B}.Release|x86.Deploy.0 = Release|x86
		{F1EA3013-BCC9-43ED-A1FE-06D3E0EDB702}.Ad-Hoc|Any CPU.ActiveCfg = Release|x86
		{F1EA3013-BCC9-43ED-A1FE-06D3E0EDB702}.Ad-Hoc|Any CPU.Build.0 = Release|x86
		{F1EA3013-BCC9-43ED-A1FE-06D3E0EDB702}.Ad-Hoc|Any CPU.Deploy.0 = Release|x86
		{F1EA3013-BCC9-43ED-A1FE-06D3E0EDB702}.Ad-Hoc|ARM.ActiveCfg = Release|ARM
		{F1EA3013-BCC9-43ED-A1FE-06D3E0EDB702}.Ad-Hoc|ARM.Build.0 = Release|ARM
		{F1EA3013-BCC9-43ED-A1FE-06D3E0EDB702}.Ad-Hoc|ARM.Deploy.0 = Release|ARM
		{F1EA3013-BCC9-43ED-A1FE-06D3E0EDB702}.Ad-Hoc|iPhone.ActiveCfg = Release|x86
		{F1EA3013-BCC9-43ED-A1FE-06D3E0EDB702}.Ad-Hoc|iPhone.Build.0 = Release|x86
		{F1EA3013-BCC9-43ED-A1FE-06D3E0EDB702}.Ad-Hoc|iPhone.Deploy.0 = Release|x86
		{F1EA3013-BCC9-43ED-A1FE-06D3E0EDB702}.Ad-Hoc|iPhoneSimulator.ActiveCfg = Release|x86
		{F1EA3013-BCC9-43ED-A1FE-06D3E0EDB702}.Ad-Hoc|iPhoneSimulator.Build.0 = Release|x86
		{F1EA3013-BCC9-43ED-A1FE-06D3E0EDB702}.Ad-Hoc|iPhoneSimulator.Deploy.0 = Release|x86
		{F1EA3013-BCC9-43ED-A1FE-06D3E0EDB702}.Ad-Hoc|x64.ActiveCfg = Release|x64
		{F1EA3013-BCC9-43ED-A1FE-06D3E0EDB702}.Ad-Hoc|x64.Build.0 = Release|x64
		{F1EA3013-BCC9-43ED-A1FE-06D3E0EDB702}.Ad-Hoc|x64.Deploy.0 = Release|x64
		{F1EA3013-BCC9-43ED-A1FE-06D3E0EDB702}.Ad-Hoc|x86.ActiveCfg = Release|x86
		{F1EA3013-BCC9-43ED-A1FE-06D3E0EDB702}.Ad-Hoc|x86.Build.0 = Release|x86
		{F1EA3013-BCC9-43ED-A1FE-06D3E0EDB702}.Ad-Hoc|x86.Deploy.0 = Release|x86
		{F1EA3013-BCC9-43ED-A1FE-06D3E0EDB702}.AppStore|Any CPU.ActiveCfg = Release|x86
		{F1EA3013-BCC9-43ED-A1FE-06D3E0EDB702}.AppStore|Any CPU.Build.0 = Release|x86
		{F1EA3013-BCC9-43ED-A1FE-06D3E0EDB702}.AppStore|Any CPU.Deploy.0 = Release|x86
		{F1EA3013-BCC9-43ED-A1FE-06D3E0EDB702}.AppStore|ARM.ActiveCfg = Release|ARM
		{F1EA3013-BCC9-43ED-A1FE-06D3E0EDB702}.AppStore|ARM.Build.0 = Release|ARM
		{F1EA3013-BCC9-43ED-A1FE-06D3E0EDB702}.AppStore|ARM.Deploy.0 = Release|ARM
		{F1EA3013-BCC9-43ED-A1FE-06D3E0EDB702}.AppStore|iPhone.ActiveCfg = Release|x86
		{F1EA3013-BCC9-43ED-A1FE-06D3E0EDB702}.AppStore|iPhone.Build.0 = Release|x86
		{F1EA3013-BCC9-43ED-A1FE-06D3E0EDB702}.AppStore|iPhone.Deploy.0 = Release|x86
		{F1EA3013-BCC9-43ED-A1FE-06D3E0EDB702}.AppStore|iPhoneSimulator.ActiveCfg = Release|x86
		{F1EA3013-BCC9-43ED-A1FE-06D3E0EDB702}.AppStore|iPhoneSimulator.Build.0 = Release|x86
		{F1EA3013-BCC9-43ED-A1FE-06D3E0EDB702}.AppStore|iPhoneSimulator.Deploy.0 = Release|x86
		{F1EA3013-BCC9-43ED-A1FE-06D3E0EDB702}.AppStore|x64.ActiveCfg = Release|x64
		{F1EA3013-BCC9-43ED-A1FE-06D3E0EDB702}.AppStore|x64.Build.0 = Release|x64
		{F1EA3013-BCC9-43ED-A1FE-06D3E0EDB702}.AppStore|x64.Deploy.0 = Release|x64
		{F1EA3013-BCC9-43ED-A1FE-06D3E0EDB702}.AppStore|x86.ActiveCfg = Release|x86
		{F1EA3013-BCC9-43ED-A1FE-06D3E0EDB702}.AppStore|x86.Build.0 = Release|x86
		{F1EA3013-BCC9-43ED-A1FE-06D3E0EDB702}.AppStore|x86.Deploy.0 = Release|x86
		{F1EA3013-BCC9-43ED-A1FE-06D3E0EDB702}.Debug|Any CPU.ActiveCfg = Debug|x86
		{F1EA3013-BCC9-43ED-A1FE-06D3E0EDB702}.Debug|ARM.ActiveCfg = Debug|ARM
		{F1EA3013-BCC9-43ED-A1FE-06D3E0EDB702}.Debug|ARM.Build.0 = Debug|ARM
		{F1EA3013-BCC9-43ED-A1FE-06D3E0EDB702}.Debug|ARM.Deploy.0 = Debug|ARM
		{F1EA3013-BCC9-43ED-A1FE-06D3E0EDB702}.Debug|iPhone.ActiveCfg = Debug|x86
		{F1EA3013-BCC9-43ED-A1FE-06D3E0EDB702}.Debug|iPhoneSimulator.ActiveCfg = Debug|x86
		{F1EA3013-BCC9-43ED-A1FE-06D3E0EDB702}.Debug|x64.ActiveCfg = Debug|x64
		{F1EA3013-BCC9-43ED-A1FE-06D3E0EDB702}.Debug|x64.Build.0 = Debug|x64
		{F1EA3013-BCC9-43ED-A1FE-06D3E0EDB702}.Debug|x64.Deploy.0 = Debug|x64
		{F1EA3013-BCC9-43ED-A1FE-06D3E0EDB702}.Debug|x86.ActiveCfg = Debug|x86
		{F1EA3013-BCC9-43ED-A1FE-06D3E0EDB702}.Debug|x86.Build.0 = Debug|x86
		{F1EA3013-BCC9-43ED-A1FE-06D3E0EDB702}.Debug|x86.Deploy.0 = Debug|x86
		{F1EA3013-BCC9-43ED-A1FE-06D3E0EDB702}.Release|Any CPU.ActiveCfg = Release|x86
		{F1EA3013-BCC9-43ED-A1FE-06D3E0EDB702}.Release|ARM.ActiveCfg = Release|ARM
		{F1EA3013-BCC9-43ED-A1FE-06D3E0EDB702}.Release|ARM.Build.0 = Release|ARM
		{F1EA3013-BCC9-43ED-A1FE-06D3E0EDB702}.Release|ARM.Deploy.0 = Release|ARM
		{F1EA3013-BCC9-43ED-A1FE-06D3E0EDB702}.Release|iPhone.ActiveCfg = Release|x86
		{F1EA3013-BCC9-43ED-A1FE-06D3E0EDB702}.Release|iPhoneSimulator.ActiveCfg = Release|x86
		{F1EA3013-BCC9-43ED-A1FE-06D3E0EDB702}.Release|x64.ActiveCfg = Release|x64
		{F1EA3013-BCC9-43ED-A1FE-06D3E0EDB702}.Release|x64.Build.0 = Release|x64
		{F1EA3013-BCC9-43ED-A1FE-06D3E0EDB702}.Release|x64.Deploy.0 = Release|x64
		{F1EA3013-BCC9-43ED-A1FE-06D3E0EDB702}.Release|x86.ActiveCfg = Release|x86
		{F1EA3013-BCC9-43ED-A1FE-06D3E0EDB702}.Release|x86.Build.0 = Release|x86
		{F1EA3013-BCC9-43ED-A1FE-06D3E0EDB702}.Release|x86.Deploy.0 = Release|x86
		{32BD85D2-5E51-4D8F-B2E1-02F30EAE8E11}.Ad-Hoc|Any CPU.ActiveCfg = Release|Any CPU
		{32BD85D2-5E51-4D8F-B2E1-02F30EAE8E11}.Ad-Hoc|Any CPU.Build.0 = Release|Any CPU
		{32BD85D2-5E51-4D8F-B2E1-02F30EAE8E11}.Ad-Hoc|Any CPU.Deploy.0 = Release|Any CPU
		{32BD85D2-5E51-4D8F-B2E1-02F30EAE8E11}.Ad-Hoc|ARM.ActiveCfg = Release|ARM
		{32BD85D2-5E51-4D8F-B2E1-02F30EAE8E11}.Ad-Hoc|ARM.Build.0 = Release|ARM
		{32BD85D2-5E51-4D8F-B2E1-02F30EAE8E11}.Ad-Hoc|ARM.Deploy.0 = Release|ARM
		{32BD85D2-5E51-4D8F-B2E1-02F30EAE8E11}.Ad-Hoc|iPhone.ActiveCfg = Release|Any CPU
		{32BD85D2-5E51-4D8F-B2E1-02F30EAE8E11}.Ad-Hoc|iPhone.Build.0 = Release|Any CPU
		{32BD85D2-5E51-4D8F-B2E1-02F30EAE8E11}.Ad-Hoc|iPhone.Deploy.0 = Release|Any CPU
		{32BD85D2-5E51-4D8F-B2E1-02F30EAE8E11}.Ad-Hoc|iPhoneSimulator.ActiveCfg = Release|Any CPU
		{32BD85D2-5E51-4D8F-B2E1-02F30EAE8E11}.Ad-Hoc|iPhoneSimulator.Build.0 = Release|Any CPU
		{32BD85D2-5E51-4D8F-B2E1-02F30EAE8E11}.Ad-Hoc|iPhoneSimulator.Deploy.0 = Release|Any CPU
		{32BD85D2-5E51-4D8F-B2E1-02F30EAE8E11}.Ad-Hoc|x64.ActiveCfg = Release|x64
		{32BD85D2-5E51-4D8F-B2E1-02F30EAE8E11}.Ad-Hoc|x64.Build.0 = Release|x64
		{32BD85D2-5E51-4D8F-B2E1-02F30EAE8E11}.Ad-Hoc|x64.Deploy.0 = Release|x64
		{32BD85D2-5E51-4D8F-B2E1-02F30EAE8E11}.Ad-Hoc|x86.ActiveCfg = Release|x86
		{32BD85D2-5E51-4D8F-B2E1-02F30EAE8E11}.Ad-Hoc|x86.Build.0 = Release|x86
		{32BD85D2-5E51-4D8F-B2E1-02F30EAE8E11}.Ad-Hoc|x86.Deploy.0 = Release|x86
		{32BD85D2-5E51-4D8F-B2E1-02F30EAE8E11}.AppStore|Any CPU.ActiveCfg = Release|Any CPU
		{32BD85D2-5E51-4D8F-B2E1-02F30EAE8E11}.AppStore|Any CPU.Build.0 = Release|Any CPU
		{32BD85D2-5E51-4D8F-B2E1-02F30EAE8E11}.AppStore|Any CPU.Deploy.0 = Release|Any CPU
		{32BD85D2-5E51-4D8F-B2E1-02F30EAE8E11}.AppStore|ARM.ActiveCfg = Release|ARM
		{32BD85D2-5E51-4D8F-B2E1-02F30EAE8E11}.AppStore|ARM.Build.0 = Release|ARM
		{32BD85D2-5E51-4D8F-B2E1-02F30EAE8E11}.AppStore|ARM.Deploy.0 = Release|ARM
		{32BD85D2-5E51-4D8F-B2E1-02F30EAE8E11}.AppStore|iPhone.ActiveCfg = Release|Any CPU
		{32BD85D2-5E51-4D8F-B2E1-02F30EAE8E11}.AppStore|iPhone.Build.0 = Release|Any CPU
		{32BD85D2-5E51-4D8F-B2E1-02F30EAE8E11}.AppStore|iPhone.Deploy.0 = Release|Any CPU
		{32BD85D2-5E51-4D8F-B2E1-02F30EAE8E11}.AppStore|iPhoneSimulator.ActiveCfg = Release|Any CPU
		{32BD85D2-5E51-4D8F-B2E1-02F30EAE8E11}.AppStore|iPhoneSimulator.Build.0 = Release|Any CPU
		{32BD85D2-5E51-4D8F-B2E1-02F30EAE8E11}.AppStore|iPhoneSimulator.Deploy.0 = Release|Any CPU
		{32BD85D2-5E51-4D8F-B2E1-02F30EAE8E11}.AppStore|x64.ActiveCfg = Release|x64
		{32BD85D2-5E51-4D8F-B2E1-02F30EAE8E11}.AppStore|x64.Build.0 = Release|x64
		{32BD85D2-5E51-4D8F-B2E1-02F30EAE8E11}.AppStore|x64.Deploy.0 = Release|x64
		{32BD85D2-5E51-4D8F-B2E1-02F30EAE8E11}.AppStore|x86.ActiveCfg = Release|x86
		{32BD85D2-5E51-4D8F-B2E1-02F30EAE8E11}.AppStore|x86.Build.0 = Release|x86
		{32BD85D2-5E51-4D8F-B2E1-02F30EAE8E11}.AppStore|x86.Deploy.0 = Release|x86
		{32BD85D2-5E51-4D8F-B2E1-02F30EAE8E11}.Debug|Any CPU.ActiveCfg = Debug|Any CPU
		{32BD85D2-5E51-4D8F-B2E1-02F30EAE8E11}.Debug|Any CPU.Build.0 = Debug|Any CPU
		{32BD85D2-5E51-4D8F-B2E1-02F30EAE8E11}.Debug|Any CPU.Deploy.0 = Debug|Any CPU
		{32BD85D2-5E51-4D8F-B2E1-02F30EAE8E11}.Debug|ARM.ActiveCfg = Debug|ARM
		{32BD85D2-5E51-4D8F-B2E1-02F30EAE8E11}.Debug|ARM.Build.0 = Debug|ARM
		{32BD85D2-5E51-4D8F-B2E1-02F30EAE8E11}.Debug|ARM.Deploy.0 = Debug|ARM
		{32BD85D2-5E51-4D8F-B2E1-02F30EAE8E11}.Debug|iPhone.ActiveCfg = Debug|Any CPU
		{32BD85D2-5E51-4D8F-B2E1-02F30EAE8E11}.Debug|iPhone.Build.0 = Debug|Any CPU
		{32BD85D2-5E51-4D8F-B2E1-02F30EAE8E11}.Debug|iPhone.Deploy.0 = Debug|Any CPU
		{32BD85D2-5E51-4D8F-B2E1-02F30EAE8E11}.Debug|iPhoneSimulator.ActiveCfg = Debug|Any CPU
		{32BD85D2-5E51-4D8F-B2E1-02F30EAE8E11}.Debug|iPhoneSimulator.Build.0 = Debug|Any CPU
		{32BD85D2-5E51-4D8F-B2E1-02F30EAE8E11}.Debug|iPhoneSimulator.Deploy.0 = Debug|Any CPU
		{32BD85D2-5E51-4D8F-B2E1-02F30EAE8E11}.Debug|x64.ActiveCfg = Debug|x64
		{32BD85D2-5E51-4D8F-B2E1-02F30EAE8E11}.Debug|x64.Build.0 = Debug|x64
		{32BD85D2-5E51-4D8F-B2E1-02F30EAE8E11}.Debug|x64.Deploy.0 = Debug|x64
		{32BD85D2-5E51-4D8F-B2E1-02F30EAE8E11}.Debug|x86.ActiveCfg = Debug|x86
		{32BD85D2-5E51-4D8F-B2E1-02F30EAE8E11}.Debug|x86.Build.0 = Debug|x86
		{32BD85D2-5E51-4D8F-B2E1-02F30EAE8E11}.Debug|x86.Deploy.0 = Debug|x86
		{32BD85D2-5E51-4D8F-B2E1-02F30EAE8E11}.Release|Any CPU.ActiveCfg = Release|Any CPU
		{32BD85D2-5E51-4D8F-B2E1-02F30EAE8E11}.Release|Any CPU.Build.0 = Release|Any CPU
		{32BD85D2-5E51-4D8F-B2E1-02F30EAE8E11}.Release|Any CPU.Deploy.0 = Release|Any CPU
		{32BD85D2-5E51-4D8F-B2E1-02F30EAE8E11}.Release|ARM.ActiveCfg = Release|ARM
		{32BD85D2-5E51-4D8F-B2E1-02F30EAE8E11}.Release|ARM.Build.0 = Release|ARM
		{32BD85D2-5E51-4D8F-B2E1-02F30EAE8E11}.Release|ARM.Deploy.0 = Release|ARM
		{32BD85D2-5E51-4D8F-B2E1-02F30EAE8E11}.Release|iPhone.ActiveCfg = Release|Any CPU
		{32BD85D2-5E51-4D8F-B2E1-02F30EAE8E11}.Release|iPhone.Build.0 = Release|Any CPU
		{32BD85D2-5E51-4D8F-B2E1-02F30EAE8E11}.Release|iPhone.Deploy.0 = Release|Any CPU
		{32BD85D2-5E51-4D8F-B2E1-02F30EAE8E11}.Release|iPhoneSimulator.ActiveCfg = Release|Any CPU
		{32BD85D2-5E51-4D8F-B2E1-02F30EAE8E11}.Release|iPhoneSimulator.Build.0 = Release|Any CPU
		{32BD85D2-5E51-4D8F-B2E1-02F30EAE8E11}.Release|iPhoneSimulator.Deploy.0 = Release|Any CPU
		{32BD85D2-5E51-4D8F-B2E1-02F30EAE8E11}.Release|x64.ActiveCfg = Release|x64
		{32BD85D2-5E51-4D8F-B2E1-02F30EAE8E11}.Release|x64.Build.0 = Release|x64
		{32BD85D2-5E51-4D8F-B2E1-02F30EAE8E11}.Release|x64.Deploy.0 = Release|x64
		{32BD85D2-5E51-4D8F-B2E1-02F30EAE8E11}.Release|x86.ActiveCfg = Release|x86
		{32BD85D2-5E51-4D8F-B2E1-02F30EAE8E11}.Release|x86.Build.0 = Release|x86
		{32BD85D2-5E51-4D8F-B2E1-02F30EAE8E11}.Release|x86.Deploy.0 = Release|x86
		{042AC378-D45C-4009-8384-970E0DAA7F0A}.Ad-Hoc|Any CPU.ActiveCfg = Release|Any CPU
		{042AC378-D45C-4009-8384-970E0DAA7F0A}.Ad-Hoc|Any CPU.Build.0 = Release|Any CPU
		{042AC378-D45C-4009-8384-970E0DAA7F0A}.Ad-Hoc|ARM.ActiveCfg = Release|Any CPU
		{042AC378-D45C-4009-8384-970E0DAA7F0A}.Ad-Hoc|ARM.Build.0 = Release|Any CPU
		{042AC378-D45C-4009-8384-970E0DAA7F0A}.Ad-Hoc|iPhone.ActiveCfg = Release|Any CPU
		{042AC378-D45C-4009-8384-970E0DAA7F0A}.Ad-Hoc|iPhone.Build.0 = Release|Any CPU
		{042AC378-D45C-4009-8384-970E0DAA7F0A}.Ad-Hoc|iPhoneSimulator.ActiveCfg = Release|Any CPU
		{042AC378-D45C-4009-8384-970E0DAA7F0A}.Ad-Hoc|iPhoneSimulator.Build.0 = Release|Any CPU
		{042AC378-D45C-4009-8384-970E0DAA7F0A}.Ad-Hoc|x64.ActiveCfg = Release|Any CPU
		{042AC378-D45C-4009-8384-970E0DAA7F0A}.Ad-Hoc|x64.Build.0 = Release|Any CPU
		{042AC378-D45C-4009-8384-970E0DAA7F0A}.Ad-Hoc|x86.ActiveCfg = Release|Any CPU
		{042AC378-D45C-4009-8384-970E0DAA7F0A}.Ad-Hoc|x86.Build.0 = Release|Any CPU
		{042AC378-D45C-4009-8384-970E0DAA7F0A}.AppStore|Any CPU.ActiveCfg = Release|Any CPU
		{042AC378-D45C-4009-8384-970E0DAA7F0A}.AppStore|Any CPU.Build.0 = Release|Any CPU
		{042AC378-D45C-4009-8384-970E0DAA7F0A}.AppStore|ARM.ActiveCfg = Release|Any CPU
		{042AC378-D45C-4009-8384-970E0DAA7F0A}.AppStore|ARM.Build.0 = Release|Any CPU
		{042AC378-D45C-4009-8384-970E0DAA7F0A}.AppStore|iPhone.ActiveCfg = Release|Any CPU
		{042AC378-D45C-4009-8384-970E0DAA7F0A}.AppStore|iPhone.Build.0 = Release|Any CPU
		{042AC378-D45C-4009-8384-970E0DAA7F0A}.AppStore|iPhoneSimulator.ActiveCfg = Release|Any CPU
		{042AC378-D45C-4009-8384-970E0DAA7F0A}.AppStore|iPhoneSimulator.Build.0 = Release|Any CPU
		{042AC378-D45C-4009-8384-970E0DAA7F0A}.AppStore|x64.ActiveCfg = Release|Any CPU
		{042AC378-D45C-4009-8384-970E0DAA7F0A}.AppStore|x64.Build.0 = Release|Any CPU
		{042AC378-D45C-4009-8384-970E0DAA7F0A}.AppStore|x86.ActiveCfg = Release|Any CPU
		{042AC378-D45C-4009-8384-970E0DAA7F0A}.AppStore|x86.Build.0 = Release|Any CPU
		{042AC378-D45C-4009-8384-970E0DAA7F0A}.Debug|Any CPU.ActiveCfg = Debug|Any CPU
		{042AC378-D45C-4009-8384-970E0DAA7F0A}.Debug|Any CPU.Build.0 = Debug|Any CPU
		{042AC378-D45C-4009-8384-970E0DAA7F0A}.Debug|ARM.ActiveCfg = Debug|Any CPU
		{042AC378-D45C-4009-8384-970E0DAA7F0A}.Debug|ARM.Build.0 = Debug|Any CPU
		{042AC378-D45C-4009-8384-970E0DAA7F0A}.Debug|iPhone.ActiveCfg = Debug|Any CPU
		{042AC378-D45C-4009-8384-970E0DAA7F0A}.Debug|iPhone.Build.0 = Debug|Any CPU
		{042AC378-D45C-4009-8384-970E0DAA7F0A}.Debug|iPhoneSimulator.ActiveCfg = Debug|Any CPU
		{042AC378-D45C-4009-8384-970E0DAA7F0A}.Debug|iPhoneSimulator.Build.0 = Debug|Any CPU
		{042AC378-D45C-4009-8384-970E0DAA7F0A}.Debug|x64.ActiveCfg = Debug|Any CPU
		{042AC378-D45C-4009-8384-970E0DAA7F0A}.Debug|x64.Build.0 = Debug|Any CPU
		{042AC378-D45C-4009-8384-970E0DAA7F0A}.Debug|x86.ActiveCfg = Debug|Any CPU
		{042AC378-D45C-4009-8384-970E0DAA7F0A}.Debug|x86.Build.0 = Debug|Any CPU
		{042AC378-D45C-4009-8384-970E0DAA7F0A}.Release|Any CPU.ActiveCfg = Release|Any CPU
		{042AC378-D45C-4009-8384-970E0DAA7F0A}.Release|Any CPU.Build.0 = Release|Any CPU
		{042AC378-D45C-4009-8384-970E0DAA7F0A}.Release|ARM.ActiveCfg = Release|Any CPU
		{042AC378-D45C-4009-8384-970E0DAA7F0A}.Release|ARM.Build.0 = Release|Any CPU
		{042AC378-D45C-4009-8384-970E0DAA7F0A}.Release|iPhone.ActiveCfg = Release|Any CPU
		{042AC378-D45C-4009-8384-970E0DAA7F0A}.Release|iPhone.Build.0 = Release|Any CPU
		{042AC378-D45C-4009-8384-970E0DAA7F0A}.Release|iPhoneSimulator.ActiveCfg = Release|Any CPU
		{042AC378-D45C-4009-8384-970E0DAA7F0A}.Release|iPhoneSimulator.Build.0 = Release|Any CPU
		{042AC378-D45C-4009-8384-970E0DAA7F0A}.Release|x64.ActiveCfg = Release|Any CPU
		{042AC378-D45C-4009-8384-970E0DAA7F0A}.Release|x64.Build.0 = Release|Any CPU
		{042AC378-D45C-4009-8384-970E0DAA7F0A}.Release|x86.ActiveCfg = Release|Any CPU
		{042AC378-D45C-4009-8384-970E0DAA7F0A}.Release|x86.Build.0 = Release|Any CPU
	EndGlobalSection
	GlobalSection(SolutionProperties) = preSolution
		HideSolutionNode = FALSE
	EndGlobalSection
EndGlobal
